
Microsoft Visual Studio Solution File, Format Version 12.00
# Visual Studio Version 16
VisualStudioVersion = 16.0.32126.315
MinimumVisualStudioVersion = 10.0.40219.1
Project("{FAE04EC0-301F-11D3-BF4B-00C04F79EFBC}") = "PrimerCommit2022", "PrimerCommit2022\PrimerCommit2022.csproj", "{268BCFF3-0DC0-4E89-816F-5C65FFC68B77}"
EndProject
Global
	GlobalSection(SolutionConfigurationPlatforms) = preSolution
		Debug|Any CPU = Debug|Any CPU
		Release|Any CPU = Release|Any CPU
	EndGlobalSection
	GlobalSection(ProjectConfigurationPlatforms) = postSolution
		{268BCFF3-0DC0-4E89-816F-5C65FFC68B77}.Debug|Any CPU.ActiveCfg = Debug|Any CPU
		{268BCFF3-0DC0-4E89-816F-5C65FFC68B77}.Debug|Any CPU.Build.0 = Debug|Any CPU
		{268BCFF3-0DC0-4E89-816F-5C65FFC68B77}.Release|Any CPU.ActiveCfg = Release|Any CPU
		{268BCFF3-0DC0-4E89-816F-5C65FFC68B77}.Release|Any CPU.Build.0 = Release|Any CPU
	EndGlobalSection
	GlobalSection(SolutionProperties) = preSolution
		HideSolutionNode = FALSE
	EndGlobalSection
	GlobalSection(ExtensibilityGlobals) = postSolution
		SolutionGuid = {6AC94F11-F4FA-4CEE-999E-02FAA882F864}
	EndGlobalSection
EndGlobal
